<Solution>
  <Configurations>
    <BuildType Name="Debug" />
    <BuildType Name="DebugL" />
    <BuildType Name="Release" />
  </Configurations>
  <Folder Name="/samples/">
    <Project Path="samples/Sdk.Plugs.Sample/Sdk.Plugs.Sample.csproj" />
    <Project Path="samples/Sdk.Socket.WebSample/Sdk.Socket.WebSample.csproj" />
  </Folder>
  <Folder Name="/src/">
    <Project Path="src/Sdk.Adapters/Sdk.Adapters.csproj" />
    <Project Path="src/Sdk.Common.Web/Sdk.Common.Web.csproj" />
    <Project Path="src/Sdk.CommunicationAdapter/Sdk.CommunicationAdapter.csproj" />
    <Project Path="src/Sdk.Pipeline/Sdk.Pipeline.csproj" />
    <Project Path="src/Sdk.Plug.Simulation/Sdk.Plug.Simulation.csproj" />
    <Project Path="src/Sdk.SimulationNodes/Sdk.SimulationNodes.csproj" />
  </Folder>
  <Folder Name="/tests/">
    <Project Path="tests/Sdk.Common.IntegrationTests/Sdk.Common.IntegrationTests.csproj" />
    <Project Path="tests/Sdk.Common.PipelineParityTests/Sdk.Common.PipelineParityTests.csproj" />
    <Project Path="tests/Sdk.Common.Tests/Sdk.Common.Tests.csproj" />
  </Folder>
</Solution>
